{
    "version": 3,
    "terraform_version": "0.11.7",
    "serial": 14,
    "lineage": "727c48d6-0d3b-f764-44a8-148b06fca8eb",
    "modules": [
        {
            "path": [
                "root"
            ],
            "outputs": {
                "app_external_ip": {
                    "sensitive": false,
                    "type": "string",
                    "value": "35.228.209.202"
                }
            },
            "resources": {
                "google_compute_firewall.firewall_puma": {
                    "type": "google_compute_firewall",
                    "depends_on": [],
                    "primary": {
                        "id": "allow-puma-default",
                        "attributes": {
                            "allow.#": "1",
                            "allow.931060522.ports.#": "1",
                            "allow.931060522.ports.0": "9292",
                            "allow.931060522.protocol": "tcp",
                            "deny.#": "0",
                            "description": "",
                            "destination_ranges.#": "0",
                            "id": "allow-puma-default",
                            "name": "allow-puma-default",
                            "network": "https://www.googleapis.com/compute/v1/projects/infra-208211/global/networks/default",
                            "priority": "1000",
                            "project": "infra-208211",
                            "self_link": "https://www.googleapis.com/compute/v1/projects/infra-208211/global/firewalls/allow-puma-default",
                            "source_ranges.#": "1",
                            "source_ranges.1080289494": "0.0.0.0/0",
                            "source_service_accounts.#": "0",
                            "source_tags.#": "0",
                            "target_service_accounts.#": "0",
                            "target_tags.#": "1",
                            "target_tags.1799682348": "reddit-app"
                        },
                        "meta": {
                            "schema_version": "1"
                        },
                        "tainted": false
                    },
                    "deposed": [],
                    "provider": "provider.google"
                },
                "google_compute_instance.app": {
                    "type": "google_compute_instance",
                    "depends_on": [],
                    "primary": {
                        "id": "reddit-app",
                        "attributes": {
                            "attached_disk.#": "0",
                            "boot_disk.#": "1",
                            "boot_disk.0.auto_delete": "true",
                            "boot_disk.0.device_name": "persistent-disk-0",
                            "boot_disk.0.disk_encryption_key_raw": "",
                            "boot_disk.0.disk_encryption_key_sha256": "",
                            "boot_disk.0.initialize_params.#": "1",
                            "boot_disk.0.initialize_params.0.image": "reddit-base",
                            "boot_disk.0.initialize_params.0.size": "0",
                            "boot_disk.0.initialize_params.0.type": "",
                            "boot_disk.0.source": "https://www.googleapis.com/compute/v1/projects/infra-208211/zones/europe-north1-a/disks/reddit-app",
                            "can_ip_forward": "false",
                            "cpu_platform": "Intel Skylake",
                            "create_timeout": "4",
                            "guest_accelerator.#": "0",
                            "id": "reddit-app",
                            "instance_id": "994837328483958590",
                            "label_fingerprint": "42WmSpB8rSM=",
                            "machine_type": "g1-small",
                            "metadata.%": "1",
                            "metadata.ssh-keys": "appuser:ssh-rsa AAAAB3NzaC1yc2EAAAADAQABAAABAQDV6UeNAjS2bVq9JHUc48CfNNjNO6kkoAEB0SY367JTNsaQ+J116aKzwcOBpjptGdfKh2F+LDd3EDioX9tPQIiTJre8FLFs2EgZBpIihBmgphUZmqfELLKUcoZxmfjkoUY4NdvV9z+6DBWOOhCuUwhEv2qAqPltyI8Di9aootad8qd5+t1CnnY7sgfWl5h+XKTlq86/Ck6VghpvzaKpsEGOWAnATZ5DbGgDdFwhJs3LkBmnAENpQu5WUyjZMrBZms5M2vGZLfgpZCpKhS1avZuK3hWuCbsH8OKL9dcK802niZ/aCjZvEJtwleY1Uiq1rO+aD/YVjwqY3vg94+WUr2/X appuser\n",
                            "metadata_fingerprint": "o1Z1UQ0tg9Y=",
                            "min_cpu_platform": "",
                            "name": "reddit-app",
                            "network_interface.#": "1",
                            "network_interface.0.access_config.#": "1",
                            "network_interface.0.access_config.0.assigned_nat_ip": "35.228.209.202",
                            "network_interface.0.access_config.0.nat_ip": "35.228.209.202",
                            "network_interface.0.address": "10.166.0.2",
                            "network_interface.0.alias_ip_range.#": "0",
                            "network_interface.0.name": "nic0",
                            "network_interface.0.network": "https://www.googleapis.com/compute/v1/projects/infra-208211/global/networks/default",
                            "network_interface.0.network_ip": "10.166.0.2",
                            "network_interface.0.subnetwork": "https://www.googleapis.com/compute/v1/projects/infra-208211/regions/europe-north1/subnetworks/default",
                            "network_interface.0.subnetwork_project": "infra-208211",
                            "project": "infra-208211",
                            "scheduling.#": "1",
                            "scheduling.0.automatic_restart": "true",
                            "scheduling.0.on_host_maintenance": "MIGRATE",
                            "scheduling.0.preemptible": "false",
                            "scratch_disk.#": "0",
                            "self_link": "https://www.googleapis.com/compute/v1/projects/infra-208211/zones/europe-north1-a/instances/reddit-app",
                            "service_account.#": "0",
                            "tags.#": "1",
                            "tags.1799682348": "reddit-app",
                            "tags_fingerprint": "M-ggixIz-AU=",
                            "zone": "europe-north1-a"
                        },
                        "meta": {
                            "schema_version": "6"
                        },
                        "tainted": false
                    },
                    "deposed": [],
                    "provider": "provider.google"
                },
                "google_compute_project_metadata_item.default": {
                    "type": "google_compute_project_metadata_item",
                    "depends_on": [],
                    "primary": {
                        "id": "ssh-keys",
                        "attributes": {
                            "id": "ssh-keys",
                            "key": "ssh-keys",
                            "project": "infra-208211",
                            "value": "naskaoshu:ssh-rsa AAAAB3NzaC1yc2EAAAADAQABAAABAQChXWvXygo/SWQyT1axH5dhbtb6vfCAYma10zEQPbfsjkpDJSAux/QxSYAs7yerv+o+LYTbuZmW1VOGruiKQetXC0TeShLBmZtQkrtz0T64QKkHz0EKZ0hePFthRjGgZEYghEjaJO1bq7zQloihz6Ph7ZRaEQWK5e6CeGNz5lGILpi29lsAmOLjBH3tw0BgyV6fNUhhzBTDzp4iSmjxTa2iCiI0SOWhucCYzVaNgK+kdfACRQF19aT7Nhplq52OgpY5CC5c+nVvj4AF3vQhiuUAW8LfP9gy4rF1wtxcLrMiS6nTOOrX1MmbnyfsWI5pq3bvhdyOfnanKGsaSDBT4JcH google-ssh {\"userName\":\"naskaoshu@gmail.com\",\"expireOn\":\"2018-06-29T14:15:02+0000\"}\nnaskaoshu:ecdsa-sha2-nistp256 AAAAE2VjZHNhLXNoYTItbmlzdHAyNTYAAAAIbmlzdHAyNTYAAABBBEI5XPyt74V2MSygkyfkXDRQcubgxMDtaczpduq+iVPwVaYI5Re4TeLxENFALts4xdmnGhxU7jfIEI1H8RwEQ2M= google-ssh {\"userName\":\"naskaoshu@gmail.com\",\"expireOn\":\"2018-06-29T14:14:52+0000\"}\nn3tdom:ssh-rsa AAAAB3NzaC1yc2EAAAADAQABAAABAQDWYcJTjstQJICazA8F7nG5boM/haLFXsPF6wl4fE6mtz0nlaOryb/S4k8yo5M6Cyzy1Qrfc3GVq8mCYlqnkYwZ32KZVevxf2u5ZkwQUfO9Q6QzRObwbNd1ZqffaIUX8fy5NRa7n0DBs5JW6JLmOK7jiAFDWLMcll/bS8boOblpdNd3B7+tQdR9wz5gWB/LWC1V54WuSXwyYis3xv1cdXO7viOA8gZCRV8YDEQkRPcuc8NNMDRWN4Ub4VAmH5S3PMKbkLzNLymaxSG3x1sRZgGpbsfeOm5D9rRPfqG1dFyRVrDLYn8FVGPwdQW+p8HWQtwuj0hEPRugTDIyH9Q1+2DZ n3tdom"
                        },
                        "meta": {},
                        "tainted": false
                    },
                    "deposed": [],
                    "provider": "provider.google"
                }
            },
            "depends_on": []
        }
    ]
}
